
Microsoft Visual Studio Solution File, Format Version 12.00
# Visual Studio Version 16
VisualStudioVersion = 16.0.31112.23
MinimumVisualStudioVersion = 10.0.40219.1
Project("{9A19103F-16F7-4668-BE54-9A1E7A4F7556}") = "DataImporter.Web", "DataImporter.Web\DataImporter.Web.csproj", "{CFAF6856-3DBC-4BE3-9A7B-1D1B8AC1541D}"
EndProject
Project("{9A19103F-16F7-4668-BE54-9A1E7A4F7556}") = "DataImporter.Membership", "DataImporter.Membership\DataImporter.Membership.csproj", "{2CD3E42F-A159-43D3-AFDA-49E397E17D10}"
EndProject
Project("{FAE04EC0-301F-11D3-BF4B-00C04F79EFBC}") = "DataImporter.Common", "DataImporter.Common\DataImporter.Common.csproj", "{761733F6-8E4D-48BC-B326-A13FA21BC073}"
EndProject
Global
	GlobalSection(SolutionConfigurationPlatforms) = preSolution
		Debug|Any CPU = Debug|Any CPU
		Release|Any CPU = Release|Any CPU
	EndGlobalSection
	GlobalSection(ProjectConfigurationPlatforms) = postSolution
		{CFAF6856-3DBC-4BE3-9A7B-1D1B8AC1541D}.Debug|Any CPU.ActiveCfg = Debug|Any CPU
		{CFAF6856-3DBC-4BE3-9A7B-1D1B8AC1541D}.Debug|Any CPU.Build.0 = Debug|Any CPU
		{CFAF6856-3DBC-4BE3-9A7B-1D1B8AC1541D}.Release|Any CPU.ActiveCfg = Release|Any CPU
		{CFAF6856-3DBC-4BE3-9A7B-1D1B8AC1541D}.Release|Any CPU.Build.0 = Release|Any CPU
		{2CD3E42F-A159-43D3-AFDA-49E397E17D10}.Debug|Any CPU.ActiveCfg = Debug|Any CPU
		{2CD3E42F-A159-43D3-AFDA-49E397E17D10}.Debug|Any CPU.Build.0 = Debug|Any CPU
		{2CD3E42F-A159-43D3-AFDA-49E397E17D10}.Release|Any CPU.ActiveCfg = Release|Any CPU
		{2CD3E42F-A159-43D3-AFDA-49E397E17D10}.Release|Any CPU.Build.0 = Release|Any CPU
		{761733F6-8E4D-48BC-B326-A13FA21BC073}.Debug|Any CPU.ActiveCfg = Debug|Any CPU
		{761733F6-8E4D-48BC-B326-A13FA21BC073}.Debug|Any CPU.Build.0 = Debug|Any CPU
		{761733F6-8E4D-48BC-B326-A13FA21BC073}.Release|Any CPU.ActiveCfg = Release|Any CPU
		{761733F6-8E4D-48BC-B326-A13FA21BC073}.Release|Any CPU.Build.0 = Release|Any CPU
	EndGlobalSection
	GlobalSection(SolutionProperties) = preSolution
		HideSolutionNode = FALSE
	EndGlobalSection
	GlobalSection(ExtensibilityGlobals) = postSolution
		SolutionGuid = {42A7D264-EB11-4D5E-9614-583C5FC47F65}
	EndGlobalSection
EndGlobal
